# This file was autogenerated by Stack.
# You should not edit this file by hand.
# For more information, please see the documentation at:
#   https://docs.haskellstack.org/en/stable/lock_files

packages:
- completed:
    hackage: cassava-0.5.2.0@sha256:282ae40ae77e5b80f322e5970ef8ed951466310f0b14246d6e48ee9203c133a7,5965
    pantry-tree:
      size: 1551
      sha256: cd9f869c72497664c04c09ca172ac22ad097331c301a85aa97d99674d22c81b1
  original:
    hackage: cassava-0.5.2.0
- completed:
    hackage: bytestring-0.11.1.0@sha256:84a15ec06aca21c4af8772a0e847fdda1b58235b801774dd205edb03bfeb8518,7631
    pantry-tree:
      size: 2654
      sha256: 0d357667b42c3b4f5860b3c22d867254a4fb0c526280d31f3ca96833065cbc0f
  original:
    hackage: bytestring-0.11.1.0
- completed:
    hackage: binary-0.8.9.0@sha256:9cac9a1d86bfa3e7f75cc8bffaa256f3967ebb6d76f67a42f9679384c5c5e18a,6523
    pantry-tree:
      size: 1976
      sha256: 61308af6be2cdb6ba09390d35f3fa1ebb45e3af688bf04922658532398eaa276
  original:
    hackage: binary-0.8.9.0@sha256:9cac9a1d86bfa3e7f75cc8bffaa256f3967ebb6d76f67a42f9679384c5c5e18a,6523
- completed:
    hackage: text-1.2.4.1@sha256:e12b468008b3c2bbc1f39bd2dcb75ba8f563c65aa5e54ee223b76463a845b6f1,7184
    pantry-tree:
      size: 7720
      sha256: b1fd81329340a9c6eea4e78313d36c6a333a5de6032ec1536ff6c70a4300b46c
  original:
    hackage: text-1.2.4.1@sha256:e12b468008b3c2bbc1f39bd2dcb75ba8f563c65aa5e54ee223b76463a845b6f1,7184
snapshots:
- completed:
    size: 585817
    url: https://raw.githubusercontent.com/commercialhaskell/stackage-snapshots/master/lts/18/5.yaml
    sha256: 22d24d0dacad9c1450b9a174c28d203f9bb482a2a8da9710a2f2a9f4afee2887
  original:
    url: https://raw.githubusercontent.com/commercialhaskell/stackage-snapshots/master/lts/18/5.yaml
